// !$*UTF8*$!
{
	archiveVersion = 1;
	classes = {
	};
	objectVersion = 50;
	objects = {

/* Begin PBXBuildFile section */
		18DE385B277DAC0D00B1D48B /* AppDelegate.swift in Sources */ = {isa = PBXBuildFile; fileRef = 18DE385A277DAC0D00B1D48B /* AppDelegate.swift */; };
		18DE385D277DAC0D00B1D48B /* SceneDelegate.swift in Sources */ = {isa = PBXBuildFile; fileRef = 18DE385C277DAC0D00B1D48B /* SceneDelegate.swift */; };
		18DE385F277DAC0D00B1D48B /* MainViewController.swift in Sources */ = {isa = PBXBuildFile; fileRef = 18DE385E277DAC0D00B1D48B /* MainViewController.swift */; };
		18DE3862277DAC0D00B1D48B /* Main.storyboard in Resources */ = {isa = PBXBuildFile; fileRef = 18DE3860277DAC0D00B1D48B /* Main.storyboard */; };
		18DE3864277DAC0D00B1D48B /* Assets.xcassets in Resources */ = {isa = PBXBuildFile; fileRef = 18DE3863277DAC0D00B1D48B /* Assets.xcassets */; };
		18DE3867277DAC0D00B1D48B /* LaunchScreen.storyboard in Resources */ = {isa = PBXBuildFile; fileRef = 18DE3865277DAC0D00B1D48B /* LaunchScreen.storyboard */; };
/* End PBXBuildFile section */

/* Begin PBXFileReference section */
		18DE3857277DAC0D00B1D48B /* EX04_Login_Join.app */ = {isa = PBXFileReference; explicitFileType = wrapper.application; includeInIndex = 0; path = EX04_Login_Join.app; sourceTree = BUILT_PRODUCTS_DIR; };
		18DE385A277DAC0D00B1D48B /* AppDelegate.swift */ = {isa = PBXFileReference; lastKnownFileType = sourcecode.swift; path = AppDelegate.swift; sourceTree = "<group>"; };
		18DE385C277DAC0D00B1D48B /* SceneDelegate.swift */ = {isa = PBXFileReference; lastKnownFileType = sourcecode.swift; path = SceneDelegate.swift; sourceTree = "<group>"; };
		18DE385E277DAC0D00B1D48B /* MainViewController.swift */ = {isa = PBXFileReference; lastKnownFileType = sourcecode.swift; path = MainViewController.swift; sourceTree = "<group>"; };
		18DE3861277DAC0D00B1D48B /* Base */ = {isa = PBXFileReference; lastKnownFileType = file.storyboard; name = Base; path = Base.lproj/Main.storyboard; sourceTree = "<group>"; };
		18DE3863277DAC0D00B1D48B /* Assets.xcassets */ = {isa = PBXFileReference; lastKnownFileType = folder.assetcatalog; path = Assets.xcassets; sourceTree = "<group>"; };
		18DE3866277DAC0D00B1D48B /* Base */ = {isa = PBXFileReference; lastKnownFileType = file.storyboard; name = Base; path = Base.lproj/LaunchScreen.storyboard; sourceTree = "<group>"; };
		18DE3868277DAC0D00B1D48B /* Info.plist */ = {isa = PBXFileReference; lastKnownFileType = text.plist.xml; path = Info.plist; sourceTree = "<group>"; };
/* End PBXFileReference section */

/* Begin PBXFrameworksBuildPhase section */
		18DE3854277DAC0D00B1D48B /* Frameworks */ = {
			isa = PBXFrameworksBuildPhase;
			buildActionMask = 2147483647;
			files = (
			);
			runOnlyForDeploymentPostprocessing = 0;
		};
/* End PBXFrameworksBuildPhase section */

/* Begin PBXGroup section */
		18DE384E277DAC0D00B1D48B = {
			isa = PBXGroup;
			children = (
				18DE3859277DAC0D00B1D48B /* EX04_Login_Join */,
				18DE3858277DAC0D00B1D48B /* Products */,
			);
			sourceTree = "<group>";
		};
		18DE3858277DAC0D00B1D48B /* Products */ = {
			isa = PBXGroup;
			children = (
				18DE3857277DAC0D00B1D48B /* EX04_Login_Join.app */,
			);
			name = Products;
			sourceTree = "<group>";
		};
		18DE3859277DAC0D00B1D48B /* EX04_Login_Join */ = {
			isa = PBXGroup;
			children = (
				18DE385A277DAC0D00B1D48B /* AppDelegate.swift */,
				18DE385C277DAC0D00B1D48B /* SceneDelegate.swift */,
				18DE385E277DAC0D00B1D48B /* MainViewController.swift */,
				18DE3860277DAC0D00B1D48B /* Main.storyboard */,
				18DE3863277DAC0D00B1D48B /* Assets.xcassets */,
				18DE3865277DAC0D00B1D48B /* LaunchScreen.storyboard */,
				18DE3868277DAC0D00B1D48B /* Info.plist */,
			);
			path = EX04_Login_Join;
			sourceTree = "<group>";
		};
/* End PBXGroup section */

/* Begin PBXNativeTarget section */
		18DE3856277DAC0D00B1D48B /* EX04_Login_Join */ = {
			isa = PBXNativeTarget;
			buildConfigurationList = 18DE386B277DAC0D00B1D48B /* Build configuration list for PBXNativeTarget "EX04_Login_Join" */;
			buildPhases = (
				18DE3853277DAC0D00B1D48B /* Sources */,
				18DE3854277DAC0D00B1D48B /* Frameworks */,
				18DE3855277DAC0D00B1D48B /* Resources */,
			);
			buildRules = (
			);
			dependencies = (
			);
			name = EX04_Login_Join;
			productName = EX04_Login_Join;
			productReference = 18DE3857277DAC0D00B1D48B /* EX04_Login_Join.app */;
			productType = "com.apple.product-type.application";
		};
/* End PBXNativeTarget section */

/* Begin PBXProject section */
		18DE384F277DAC0D00B1D48B /* Project object */ = {
			isa = PBXProject;
			attributes = {
				LastSwiftUpdateCheck = 1240;
				LastUpgradeCheck = 1240;
				TargetAttributes = {
					18DE3856277DAC0D00B1D48B = {
						CreatedOnToolsVersion = 12.4;
					};
				};
			};
			buildConfigurationList = 18DE3852277DAC0D00B1D48B /* Build configuration list for PBXProject "EX04_Login_Join" */;
			compatibilityVersion = "Xcode 9.3";
			developmentRegion = en;
			hasScannedForEncodings = 0;
			knownRegions = (
				en,
				Base,
			);
			mainGroup = 18DE384E277DAC0D00B1D48B;
			productRefGroup = 18DE3858277DAC0D00B1D48B /* Products */;
			projectDirPath = "";
			projectRoot = "";
			targets = (
				18DE3856277DAC0D00B1D48B /* EX04_Login_Join */,
			);
		};
/* End PBXProject section */

/* Begin PBXResourcesBuildPhase section */
		18DE3855277DAC0D00B1D48B /* Resources */ = {
			isa = PBXResourcesBuildPhase;
			buildActionMask = 2147483647;
			files = (
				18DE3867277DAC0D00B1D48B /* LaunchScreen.storyboard in Resources */,
				18DE3864277DAC0D00B1D48B /* Assets.xcassets in Resources */,
				18DE3862277DAC0D00B1D48B /* Main.storyboard in Resources */,
			);
			runOnlyForDeploymentPostprocessing = 0;
		};
/* End PBXResourcesBuildPhase section */

/* Begin PBXSourcesBuildPhase section */
		18DE3853277DAC0D00B1D48B /* Sources */ = {
			isa = PBXSourcesBuildPhase;
			buildActionMask = 2147483647;
			files = (
				18DE385F277DAC0D00B1D48B /* MainViewController.swift in Sources */,
				18DE385B277DAC0D00B1D48B /* AppDelegate.swift in Sources */,
				18DE385D277DAC0D00B1D48B /* SceneDelegate.swift in Sources */,
			);
			runOnlyForDeploymentPostprocessing = 0;
		};
/* End PBXSourcesBuildPhase section */

/* Begin PBXVariantGroup section */
		18DE3860277DAC0D00B1D48B /* Main.storyboard */ = {
			isa = PBXVariantGroup;
			children = (
				18DE3861277DAC0D00B1D48B /* Base */,
			);
			name = Main.storyboard;
			sourceTree = "<group>";
		};
		18DE3865277DAC0D00B1D48B /* LaunchScreen.storyboard */ = {
			isa = PBXVariantGroup;
			children = (
				18DE3866277DAC0D00B1D48B /* Base */,
			);
			name = LaunchScreen.storyboard;
			sourceTree = "<group>";
		};
/* End PBXVariantGroup section */

/* Begin XCBuildConfiguration section */
		18DE3869277DAC0D00B1D48B /* Debug */ = {
			isa = XCBuildConfiguration;
			buildSettings = {
				ALWAYS_SEARCH_USER_PATHS = NO;
				CLANG_ANALYZER_NONNULL = YES;
				CLANG_ANALYZER_NUMBER_OBJECT_CONVERSION = YES_AGGRESSIVE;
				CLANG_CXX_LANGUAGE_STANDARD = "gnu++14";
				CLANG_CXX_LIBRARY = "libc++";
				CLANG_ENABLE_MODULES = YES;
				CLANG_ENABLE_OBJC_ARC = YES;
				CLANG_ENABLE_OBJC_WEAK = YES;
				CLANG_WARN_BLOCK_CAPTURE_AUTORELEASING = YES;
				CLANG_WARN_BOOL_CONVERSION = YES;
				CLANG_WARN_COMMA = YES;
				CLANG_WARN_CONSTANT_CONVERSION = YES;
				CLANG_WARN_DEPRECATED_OBJC_IMPLEMENTATIONS = YES;
				CLANG_WARN_DIRECT_OBJC_ISA_USAGE = YES_ERROR;
				CLANG_WARN_DOCUMENTATION_COMMENTS = YES;
				CLANG_WARN_EMPTY_BODY = YES;
				CLANG_WARN_ENUM_CONVERSION = YES;
				CLANG_WARN_INFINITE_RECURSION = YES;
				CLANG_WARN_INT_CONVERSION = YES;
				CLANG_WARN_NON_LITERAL_NULL_CONVERSION = YES;
				CLANG_WARN_OBJC_IMPLICIT_RETAIN_SELF = YES;
				CLANG_WARN_OBJC_LITERAL_CONVERSION = YES;
				CLANG_WARN_OBJC_ROOT_CLASS = YES_ERROR;
				CLANG_WARN_QUOTED_INCLUDE_IN_FRAMEWORK_HEADER = YES;
				CLANG_WARN_RANGE_LOOP_ANALYSIS = YES;
				CLANG_WARN_STRICT_PROTOTYPES = YES;
				CLANG_WARN_SUSPICIOUS_MOVE = YES;
				CLANG_WARN_UNGUARDED_AVAILABILITY = YES_AGGRESSIVE;
				CLANG_WARN_UNREACHABLE_CODE = YES;
				CLANG_WARN__DUPLICATE_METHOD_MATCH = YES;
				COPY_PHASE_STRIP = NO;
				DEBUG_INFORMATION_FORMAT = dwarf;
				ENABLE_STRICT_OBJC_MSGSEND = YES;
				ENABLE_TESTABILITY = YES;
				GCC_C_LANGUAGE_STANDARD = gnu11;
				GCC_DYNAMIC_NO_PIC = NO;
				GCC_NO_COMMON_BLOCKS = YES;
				GCC_OPTIMIZATION_LEVEL = 0;
				GCC_PREPROCESSOR_DEFINITIONS = (
					"DEBUG=1",
					"$(inherited)",
				);
				GCC_WARN_64_TO_32_BIT_CONVERSION = YES;
				GCC_WARN_ABOUT_RETURN_TYPE = YES_ERROR;
				GCC_WARN_UNDECLARED_SELECTOR = YES;
				GCC_WARN_UNINITIALIZED_AUTOS = YES_AGGRESSIVE;
				GCC_WARN_UNUSED_FUNCTION = YES;
				GCC_WARN_UNUSED_VARIABLE = YES;
				IPHONEOS_DEPLOYMENT_TARGET = 14.4;
				MTL_ENABLE_DEBUG_INFO = INCLUDE_SOURCE;
				MTL_FAST_MATH = YES;
				ONLY_ACTIVE_ARCH = YES;
				SDKROOT = iphoneos;
				SWIFT_ACTIVE_COMPILATION_CONDITIONS = DEBUG;
				SWIFT_OPTIMIZATION_LEVEL = "-Onone";
			};
			name = Debug;
		};
		18DE386A277DAC0D00B1D48B /* Release */ = {
			isa = XCBuildConfiguration;
			buildSettings = {
				ALWAYS_SEARCH_USER_PATHS = NO;
				CLANG_ANALYZER_NONNULL = YES;
				CLANG_ANALYZER_NUMBER_OBJECT_CONVERSION = YES_AGGRESSIVE;
				CLANG_CXX_LANGUAGE_STANDARD = "gnu++14";
				CLANG_CXX_LIBRARY = "libc++";
				CLANG_ENABLE_MODULES = YES;
				CLANG_ENABLE_OBJC_ARC = YES;
				CLANG_ENABLE_OBJC_WEAK = YES;
				CLANG_WARN_BLOCK_CAPTURE_AUTORELEASING = YES;
				CLANG_WARN_BOOL_CONVERSION = YES;
				CLANG_WARN_COMMA = YES;
				CLANG_WARN_CONSTANT_CONVERSION = YES;
				CLANG_WARN_DEPRECATED_OBJC_IMPLEMENTATIONS = YES;
				CLANG_WARN_DIRECT_OBJC_ISA_USAGE = YES_ERROR;
				CLANG_WARN_DOCUMENTATION_COMMENTS = YES;
				CLANG_WARN_EMPTY_BODY = YES;
				CLANG_WARN_ENUM_CONVERSION = YES;
				CLANG_WARN_INFINITE_RECURSION = YES;
				CLANG_WARN_INT_CONVERSION = YES;
				CLANG_WARN_NON_LITERAL_NULL_CONVERSION = YES;
				CLANG_WARN_OBJC_IMPLICIT_RETAIN_SELF = YES;
				CLANG_WARN_OBJC_LITERAL_CONVERSION = YES;
				CLANG_WARN_OBJC_ROOT_CLASS = YES_ERROR;
				CLANG_WARN_QUOTED_INCLUDE_IN_FRAMEWORK_HEADER = YES;
				CLANG_WARN_RANGE_LOOP_ANALYSIS = YES;
				CLANG_WARN_STRICT_PROTOTYPES = YES;
				CLANG_WARN_SUSPICIOUS_MOVE = YES;
				CLANG_WARN_UNGUARDED_AVAILABILITY = YES_AGGRESSIVE;
				CLANG_WARN_UNREACHABLE_CODE = YES;
				CLANG_WARN__DUPLICATE_METHOD_MATCH = YES;
				COPY_PHASE_STRIP = NO;
				DEBUG_INFORMATION_FORMAT = "dwarf-with-dsym";
				ENABLE_NS_ASSERTIONS = NO;
				ENABLE_STRICT_OBJC_MSGSEND = YES;
				GCC_C_LANGUAGE_STANDARD = gnu11;
				GCC_NO_COMMON_BLOCKS = YES;
				GCC_WARN_64_TO_32_BIT_CONVERSION = YES;
				GCC_WARN_ABOUT_RETURN_TYPE = YES_ERROR;
				GCC_WARN_UNDECLARED_SELECTOR = YES;
				GCC_WARN_UNINITIALIZED_AUTOS = YES_AGGRESSIVE;
				GCC_WARN_UNUSED_FUNCTION = YES;
				GCC_WARN_UNUSED_VARIABLE = YES;
				IPHONEOS_DEPLOYMENT_TARGET = 14.4;
				MTL_ENABLE_DEBUG_INFO = NO;
				MTL_FAST_MATH = YES;
				SDKROOT = iphoneos;
				SWIFT_COMPILATION_MODE = wholemodule;
				SWIFT_OPTIMIZATION_LEVEL = "-O";
				VALIDATE_PRODUCT = YES;
			};
			name = Release;
		};
		18DE386C277DAC0D00B1D48B /* Debug */ = {
			isa = XCBuildConfiguration;
			buildSettings = {
				ASSETCATALOG_COMPILER_APPICON_NAME = AppIcon;
				ASSETCATALOG_COMPILER_GLOBAL_ACCENT_COLOR_NAME = AccentColor;
				CODE_SIGN_STYLE = Automatic;
				DEVELOPMENT_TEAM = M7KCA787CC;
				INFOPLIST_FILE = EX04_Login_Join/Info.plist;
				LD_RUNPATH_SEARCH_PATHS = (
					"$(inherited)",
					"@executable_path/Frameworks",
				);
				PRODUCT_BUNDLE_IDENTIFIER = "YGDev.EX04-Login-Join";
				PRODUCT_NAME = "$(TARGET_NAME)";
				SWIFT_VERSION = 5.0;
				TARGETED_DEVICE_FAMILY = "1,2";
			};
			name = Debug;
		};
		18DE386D277DAC0D00B1D48B /* Release */ = {
			isa = XCBuildConfiguration;
			buildSettings = {
				ASSETCATALOG_COMPILER_APPICON_NAME = AppIcon;
				ASSETCATALOG_COMPILER_GLOBAL_ACCENT_COLOR_NAME = AccentColor;
				CODE_SIGN_STYLE = Automatic;
				DEVELOPMENT_TEAM = M7KCA787CC;
				INFOPLIST_FILE = EX04_Login_Join/Info.plist;
				LD_RUNPATH_SEARCH_PATHS = (
					"$(inherited)",
					"@executable_path/Frameworks",
				);
				PRODUCT_BUNDLE_IDENTIFIER = "YGDev.EX04-Login-Join";
				PRODUCT_NAME = "$(TARGET_NAME)";
				SWIFT_VERSION = 5.0;
				TARGETED_DEVICE_FAMILY = "1,2";
			};
			name = Release;
		};
/* End XCBuildConfiguration section */

/* Begin XCConfigurationList section */
		18DE3852277DAC0D00B1D48B /* Build configuration list for PBXProject "EX04_Login_Join" */ = {
			isa = XCConfigurationList;
			buildConfigurations = (
				18DE3869277DAC0D00B1D48B /* Debug */,
				18DE386A277DAC0D00B1D48B /* Release */,
			);
			defaultConfigurationIsVisible = 0;
			defaultConfigurationName = Release;
		};
		18DE386B277DAC0D00B1D48B /* Build configuration list for PBXNativeTarget "EX04_Login_Join" */ = {
			isa = XCConfigurationList;
			buildConfigurations = (
				18DE386C277DAC0D00B1D48B /* Debug */,
				18DE386D277DAC0D00B1D48B /* Release */,
			);
			defaultConfigurationIsVisible = 0;
			defaultConfigurationName = Release;
		};
/* End XCConfigurationList section */
	};
	rootObject = 18DE384F277DAC0D00B1D48B /* Project object */;
}
